
Microsoft Visual Studio Solution File, Format Version 11.00
# Visual Studio 2010
Project("{FAE04EC0-301F-11D3-BF4B-00C04F79EFBC}") = "Assembly-CSharp", "Assembly-CSharp.csproj", "{459e7762-14dd-fb46-dd70-b38925078c6b}"
EndProject
Project("{FAE04EC0-301F-11D3-BF4B-00C04F79EFBC}") = "AstarPathfindingProject", "AstarPathfindingProject.csproj", "{2e5fbcf4-66b9-2ca8-b2d4-c5e5376d0eb4}"
EndProject
Project("{FAE04EC0-301F-11D3-BF4B-00C04F79EFBC}") = "AstarPathfindingProjectEditor", "AstarPathfindingProjectEditor.csproj", "{e7bc5f56-31ee-c02a-8a34-257bbc5855aa}"
EndProject
Project("{FAE04EC0-301F-11D3-BF4B-00C04F79EFBC}") = "PackageToolsEditor", "PackageToolsEditor.csproj", "{a98408be-280f-ff26-cd2f-6ae941de928d}"
EndProject
Global
	GlobalSection(SolutionConfigurationPlatforms) = preSolution
		Debug|Any CPU = Debug|Any CPU
	EndGlobalSection
	GlobalSection(ProjectConfigurationPlatforms) = postSolution
		{459e7762-14dd-fb46-dd70-b38925078c6b}.Debug|Any CPU.ActiveCfg = Debug|Any CPU
		{459e7762-14dd-fb46-dd70-b38925078c6b}.Debug|Any CPU.Build.0 = Debug|Any CPU
		{2e5fbcf4-66b9-2ca8-b2d4-c5e5376d0eb4}.Debug|Any CPU.ActiveCfg = Debug|Any CPU
		{2e5fbcf4-66b9-2ca8-b2d4-c5e5376d0eb4}.Debug|Any CPU.Build.0 = Debug|Any CPU
		{e7bc5f56-31ee-c02a-8a34-257bbc5855aa}.Debug|Any CPU.ActiveCfg = Debug|Any CPU
		{e7bc5f56-31ee-c02a-8a34-257bbc5855aa}.Debug|Any CPU.Build.0 = Debug|Any CPU
		{a98408be-280f-ff26-cd2f-6ae941de928d}.Debug|Any CPU.ActiveCfg = Debug|Any CPU
		{a98408be-280f-ff26-cd2f-6ae941de928d}.Debug|Any CPU.Build.0 = Debug|Any CPU
	EndGlobalSection
	GlobalSection(SolutionProperties) = preSolution
		HideSolutionNode = FALSE
	EndGlobalSection
EndGlobal
